
Microsoft Visual Studio Solution File, Format Version 12.00
# Visual Studio Express 2012 for Windows Desktop
Project("{8BC9CEB8-8B4A-11D0-8D11-00A0C91BC942}") = "serial", "serial\serial.vcxproj", "{B916C3E6-DBCB-48FE-9329-AB65B5BAD34E}"
EndProject
Global
	GlobalSection(SolutionConfigurationPlatforms) = preSolution
		Debug|Win32 = Debug|Win32
		Release|Win32 = Release|Win32
	EndGlobalSection
	GlobalSection(ProjectConfigurationPlatforms) = postSolution
		{B916C3E6-DBCB-48FE-9329-AB65B5BAD34E}.Debug|Win32.ActiveCfg = Debug|Win32
		{B916C3E6-DBCB-48FE-9329-AB65B5BAD34E}.Debug|Win32.Build.0 = Debug|Win32
		{B916C3E6-DBCB-48FE-9329-AB65B5BAD34E}.Release|Win32.ActiveCfg = Release|Win32
		{B916C3E6-DBCB-48FE-9329-AB65B5BAD34E}.Release|Win32.Build.0 = Release|Win32
	EndGlobalSection
	GlobalSection(SolutionProperties) = preSolution
		HideSolutionNode = FALSE
	EndGlobalSection
EndGlobal
